<?xml version="1.0" encoding="utf-8"?>
<Project ToolsVersion="4.0" xmlns="http://schemas.microsoft.com/developer/msbuild/2003">
  <ItemGroup>
    <Filter Include="소스 파일">
      <UniqueIdentifier>{4FC737F1-C7A5-4376-A066-2A32D752A2FF}</UniqueIdentifier>
      <Extensions>cpp;c;cc;cxx;def;odl;idl;hpj;bat;asm;asmx</Extensions>
    </Filter>
    <Filter Include="헤더 파일">
      <UniqueIdentifier>{93995380-89BD-4b04-88EB-625FBE52EBFB}</UniqueIdentifier>
      <Extensions>h;hh;hpp;hxx;hm;inl;inc;ipp;xsd</Extensions>
    </Filter>
    <Filter Include="리소스 파일">
      <UniqueIdentifier>{67DA6AB6-F800-4c08-8B7A-83BB121AAD01}</UniqueIdentifier>
      <Extensions>rc;ico;cur;bmp;dlg;rc2;rct;bin;rgs;gif;jpg;jpeg;jpe;resx;tiff;tif;png;wav;mfcribbon-ms</Extensions>
    </Filter>
    <Filter Include="소스 파일\00. MainUpdate">
      <UniqueIdentifier>{4165e04d-5d52-4832-8a79-4e8cadfcb4fa}</UniqueIdentifier>
    </Filter>
    <Filter Include="소스 파일\99. Manager">
      <UniqueIdentifier>{19da3dc8-a1d9-4d2f-9c95-315897b30f2d}</UniqueIdentifier>
    </Filter>
    <Filter Include="소스 파일\01. Object">
      <UniqueIdentifier>{dad4aa05-fd4c-4a63-b6bf-cd54da26dfc0}</UniqueIdentifier>
    </Filter>
    <Filter Include="소스 파일\01. Object\Player">
      <UniqueIdentifier>{cafa0b97-bf7c-45e2-824e-66caddae2edf}</UniqueIdentifier>
    </Filter>
    <Filter Include="소스 파일\01. Object\Monster">
      <UniqueIdentifier>{76885755-ff64-4d41-8e71-06216183a0c7}</UniqueIdentifier>
    </Filter>
    <Filter Include="소스 파일\01. Object\Bullet">
      <UniqueIdentifier>{72824260-fdff-4a58-9c0c-3a52d65776cc}</UniqueIdentifier>
    </Filter>
    <Filter Include="소스 파일\02. Scene">
      <UniqueIdentifier>{695ad4b5-24e9-47ec-9317-ac05ccfd25a3}</UniqueIdentifier>
    </Filter>
    <Filter Include="소스 파일\02. Scene\Logo">
      <UniqueIdentifier>{e9c9b77d-fbd4-46fe-bcd8-49139e8ff7a8}</UniqueIdentifier>
    </Filter>
    <Filter Include="소스 파일\02. Scene\Menu">
      <UniqueIdentifier>{4007a464-2df0-46ba-a6a9-bfbb027069d1}</UniqueIdentifier>
    </Filter>
    <Filter Include="소스 파일\02. Scene\Stage">
      <UniqueIdentifier>{4dfac33c-f86c-43ec-9803-75f2def52d5d}</UniqueIdentifier>
    </Filter>
    <Filter Include="헤더 파일\Include">
      <UniqueIdentifier>{87b0b7d3-bfee-4a78-8ba1-b9527baff0ee}</UniqueIdentifier>
    </Filter>
    <Filter Include="소스 파일\98.Design Pattern">
      <UniqueIdentifier>{f3efd070-c71f-4109-a86d-45ead0985692}</UniqueIdentifier>
    </Filter>
    <Filter Include="소스 파일\98.Design Pattern\Prototype">
      <UniqueIdentifier>{bb06039c-f7be-4739-8a93-f40a1d8f46f4}</UniqueIdentifier>
    </Filter>
    <Filter Include="소스 파일\98.Design Pattern\Objectpool">
      <UniqueIdentifier>{24cbc323-b9cf-4974-a7a4-246387cb58e1}</UniqueIdentifier>
    </Filter>
    <Filter Include="소스 파일\99. Manager\InputManager">
      <UniqueIdentifier>{2bf60b11-f51f-4f7c-bbbf-aa6cf2a69adc}</UniqueIdentifier>
    </Filter>
    <Filter Include="소스 파일\99. Manager\CursorController">
      <UniqueIdentifier>{c56b4194-8918-4424-b51e-4550a0c416a0}</UniqueIdentifier>
    </Filter>
    <Filter Include="헤더 파일\Macro">
      <UniqueIdentifier>{054200e4-07fc-4f1f-b7d9-66c6bd1f6d9d}</UniqueIdentifier>
    </Filter>
    <Filter Include="소스 파일\98.Design Pattern\Prototype\ObjectProto">
      <UniqueIdentifier>{302984f6-f559-4386-b2f2-fcd6973a3589}</UniqueIdentifier>
    </Filter>
    <Filter Include="소스 파일\98.Design Pattern\Prototype\ObjectProto\CreateProtoObject">
      <UniqueIdentifier>{f4b0ba23-eea0-4067-be3d-5ff55baed118}</UniqueIdentifier>
    </Filter>
    <Filter Include="소스 파일\99. Manager\SceneManager">
      <UniqueIdentifier>{0ebe2029-0abc-4595-b4ce-a16f06277e79}</UniqueIdentifier>
    </Filter>
    <Filter Include="소스 파일\99. Manager\ObjectManager">
      <UniqueIdentifier>{dd9905d2-5e04-4642-a878-8a9d172882e9}</UniqueIdentifier>
    </Filter>
  </ItemGroup>
  <ItemGroup>
    <ClCompile Include="Main.cpp">
      <Filter>소스 파일</Filter>
    </ClCompile>
    <ClCompile Include="MainUpdate.cpp">
      <Filter>소스 파일\00. MainUpdate</Filter>
    </ClCompile>
    <ClCompile Include="Object.cpp">
      <Filter>소스 파일\01. Object</Filter>
    </ClCompile>
    <ClCompile Include="Player.cpp">
      <Filter>소스 파일\01. Object\Player</Filter>
    </ClCompile>
    <ClCompile Include="Monster.cpp">
      <Filter>소스 파일\01. Object\Monster</Filter>
    </ClCompile>
    <ClCompile Include="Bullet.cpp">
      <Filter>소스 파일\01. Object\Bullet</Filter>
    </ClCompile>
    <ClCompile Include="Scene.cpp">
      <Filter>소스 파일\02. Scene</Filter>
    </ClCompile>
    <ClCompile Include="Menu.cpp">
      <Filter>소스 파일\02. Scene\Menu</Filter>
    </ClCompile>
    <ClCompile Include="Logo.cpp">
      <Filter>소스 파일\02. Scene\Logo</Filter>
    </ClCompile>
    <ClCompile Include="Stage.cpp">
      <Filter>소스 파일\02. Scene\Stage</Filter>
    </ClCompile>
    <ClCompile Include="SceneManager.cpp">
      <Filter>소스 파일\99. Manager\SceneManager</Filter>
    </ClCompile>
    <ClCompile Include="InputManager.cpp">
      <Filter>소스 파일\99. Manager\InputManager</Filter>
    </ClCompile>
    <ClCompile Include="CursorController.cpp">
      <Filter>소스 파일\99. Manager\CursorController</Filter>
    </ClCompile>
    <ClCompile Include="ObjectPool.cpp">
      <Filter>소스 파일\98.Design Pattern\Objectpool</Filter>
    </ClCompile>
    <ClCompile Include="Prototype.cpp">
      <Filter>소스 파일\98.Design Pattern\Prototype</Filter>
    </ClCompile>
    <ClCompile Include="ObjectProto.cpp">
      <Filter>소스 파일\98.Design Pattern\Prototype\ObjectProto</Filter>
    </ClCompile>
    <ClCompile Include="CreateProtoObject.cpp">
      <Filter>소스 파일\98.Design Pattern\Prototype\ObjectProto\CreateProtoObject</Filter>
    </ClCompile>
    <ClCompile Include="ObjectManager.cpp">
      <Filter>소스 파일\99. Manager\ObjectManager</Filter>
    </ClCompile>
    <ClCompile Include="DoubleBuffer.cpp">
      <Filter>소스 파일\99. Manager</Filter>
    </ClCompile>
  </ItemGroup>
  <ItemGroup>
    <ClInclude Include="MainUpdate.h">
      <Filter>소스 파일\00. MainUpdate</Filter>
    </ClInclude>
    <ClInclude Include="Headers.h">
      <Filter>헤더 파일</Filter>
    </ClInclude>
    <ClInclude Include="Object.h">
      <Filter>소스 파일\01. Object</Filter>
    </ClInclude>
    <ClInclude Include="Player.h">
      <Filter>소스 파일\01. Object\Player</Filter>
    </ClInclude>
    <ClInclude Include="Monster.h">
      <Filter>소스 파일\01. Object\Monster</Filter>
    </ClInclude>
    <ClInclude Include="Bullet.h">
      <Filter>소스 파일\01. Object\Bullet</Filter>
    </ClInclude>
    <ClInclude Include="Scene.h">
      <Filter>소스 파일\02. Scene</Filter>
    </ClInclude>
    <ClInclude Include="Menu.h">
      <Filter>소스 파일\02. Scene\Menu</Filter>
    </ClInclude>
    <ClInclude Include="Logo.h">
      <Filter>소스 파일\02. Scene\Logo</Filter>
    </ClInclude>
    <ClInclude Include="Stage.h">
      <Filter>소스 파일\02. Scene\Stage</Filter>
    </ClInclude>
    <ClInclude Include="Struct.h">
      <Filter>헤더 파일\Include</Filter>
    </ClInclude>
    <ClInclude Include="Enum.h">
      <Filter>헤더 파일\Include</Filter>
    </ClInclude>
    <ClInclude Include="Constant.h">
      <Filter>헤더 파일\Include</Filter>
    </ClInclude>
    <ClInclude Include="Define.h">
      <Filter>헤더 파일\Include</Filter>
    </ClInclude>
    <ClInclude Include="SceneManager.h">
      <Filter>소스 파일\99. Manager\SceneManager</Filter>
    </ClInclude>
    <ClInclude Include="InputManager.h">
      <Filter>소스 파일\99. Manager\InputManager</Filter>
    </ClInclude>
    <ClInclude Include="CursorController.h">
      <Filter>소스 파일\99. Manager\CursorController</Filter>
    </ClInclude>
    <ClInclude Include="Macro.h">
      <Filter>헤더 파일\Macro</Filter>
    </ClInclude>
    <ClInclude Include="ObjectPool.h">
      <Filter>소스 파일\98.Design Pattern\Objectpool</Filter>
    </ClInclude>
    <ClInclude Include="Prototype.h">
      <Filter>소스 파일\98.Design Pattern\Prototype</Filter>
    </ClInclude>
    <ClInclude Include="ObjectProto.h">
      <Filter>소스 파일\98.Design Pattern\Prototype\ObjectProto</Filter>
    </ClInclude>
    <ClInclude Include="CreateProtoObject.h">
      <Filter>소스 파일\98.Design Pattern\Prototype\ObjectProto\CreateProtoObject</Filter>
    </ClInclude>
    <ClInclude Include="ObjectManager.h">
      <Filter>소스 파일\99. Manager\ObjectManager</Filter>
    </ClInclude>
    <ClInclude Include="DoubleBuffer.h">
      <Filter>소스 파일\99. Manager</Filter>
    </ClInclude>
  </ItemGroup>
</Project>